{
  "name": "bug-ppx-windows",
  "version": "0.1.0",
  "lockfileVersion": 1,
  "requires": true,
  "dependencies": {
    "@jchavarri/ppx_42": {
      "version": "0.0.2",
      "resolved": "https://registry.npmjs.org/@jchavarri/ppx_42/-/ppx_42-0.0.2.tgz",
      "integrity": "sha512-OkeO+NC+LIYAavr1xoYhV4yMP5Dddlnf4jUUbwa3h39iGxoRZKy/UgrkoXVW9G3Un+AFS38qzF2EoW+Q3KKj8g==",
      "dev": true
    },
    "bs-platform": {
      "version": "7.0.1",
      "dev": true
    }
  }
}
