{
  "name": "bug-ppx-windows",
  "version": "0.1.0",
  "lockfileVersion": 1,
  "requires": true,
  "dependencies": {
    "@baransu/graphql_ppx_re": {
      "version": "0.4.6",
      "resolved": "https://registry.npmjs.org/@baransu/graphql_ppx_re/-/graphql_ppx_re-0.4.6.tgz",
      "integrity": "sha512-BlVNBF4926NPdhODAdemGeCFsPw7HNWLo3o2kQM2kr+6XXrog86etwRN/2/4Xa8KUzqKWM2ohjJEbbZE/cIHyQ=="
    },
    "bs-platform": {
      "version": "7.0.1",
      "dev": true
    }
  }
}
