{
  "name": "bug-ppx-windows",
  "version": "0.1.0",
  "lockfileVersion": 1,
  "requires": true,
  "dependencies": {
    "@ahrefs/bs-emotion-ppx": {
      "version": "1.0.0",
      "resolved": "https://registry.npmjs.org/@ahrefs/bs-emotion-ppx/-/bs-emotion-ppx-1.0.0.tgz",
      "integrity": "sha512-+vLZsrSvjWA5Jbc/Y9M7/SN65Vg9y1FNNImLbb10w4mEkBmpvc9+ZjWHsAn+tfI7f9oNg/oqk1sl450y4YC5gw==",
      "dev": true
    },
    "bs-platform": {
      "version": "7.0.1",
      "dev": true
    }
  }
}
